
Microsoft Visual Studio Solution File, Format Version 12.00
# Visual Studio Version 17
VisualStudioVersion = 17.0.31912.275
MinimumVisualStudioVersion = 10.0.40219.1
Project("{8BC9CEB8-8B4A-11D0-8D11-00A0C91BC942}") = "d01ep01", "d01ep1\day01.vcxproj", "{998664B2-80F9-4A28-AE48-D83F47A7A788}"
EndProject
Project("{8BC9CEB8-8B4A-11D0-8D11-00A0C91BC942}") = "d01ep02", "d01ep02\d01ep02.vcxproj", "{6A11B06E-BF9F-4749-BAAE-7C796D485DEF}"
EndProject
Project("{8BC9CEB8-8B4A-11D0-8D11-00A0C91BC942}") = "d02ep01", "d02ep01\d02ep01.vcxproj", "{D6C59FF6-F0E0-4554-A56A-1BCAED33181D}"
EndProject
Project("{2150E333-8FDC-42A3-9474-1A3956D46DE8}") = "Solution Items", "Solution Items", "{4392CBA1-3E73-4A84-AC3E-C21CD0AA5A7F}"
	ProjectSection(SolutionItems) = preProject
		README.md = README.md
		TODOs.txt = TODOs.txt
	EndProjectSection
EndProject
Project("{8BC9CEB8-8B4A-11D0-8D11-00A0C91BC942}") = "d02ep02", "d02ep02\d02ep02.vcxproj", "{174E9ABA-1774-46E1-B148-316BB8A1B00F}"
EndProject
Project("{8BC9CEB8-8B4A-11D0-8D11-00A0C91BC942}") = "d03ep01", "d03ep01\d03ep01.vcxproj", "{38AFA2F6-A587-4DF8-9357-C3FD1C01A636}"
EndProject
Project("{8BC9CEB8-8B4A-11D0-8D11-00A0C91BC942}") = "d03ep02", "d03ep02\d03ep02.vcxproj", "{222A0808-EB35-469E-A22B-A605A4AA897A}"
EndProject
Project("{8BC9CEB8-8B4A-11D0-8D11-00A0C91BC942}") = "d04ep01", "d04ep01\d04ep01.vcxproj", "{FDD84B31-9764-4E0A-A820-0188C73365F1}"
EndProject
Project("{8BC9CEB8-8B4A-11D0-8D11-00A0C91BC942}") = "d04ep02", "d04ep02\d04ep02.vcxproj", "{5E821FB8-2A13-4CE6-B1EB-F107BCD6184C}"
EndProject
Project("{8BC9CEB8-8B4A-11D0-8D11-00A0C91BC942}") = "d05ep01", "d05ep01\d05ep01.vcxproj", "{24D02B7D-C9D7-43EF-A54C-30E57AC35118}"
EndProject
Project("{8BC9CEB8-8B4A-11D0-8D11-00A0C91BC942}") = "d05ep02", "d05ep02\d05ep02.vcxproj", "{E4AEE04C-DB83-4E7D-888A-B425B4A36595}"
EndProject
Project("{8BC9CEB8-8B4A-11D0-8D11-00A0C91BC942}") = "day06", "day06\day06.vcxproj", "{D0233091-15F0-4E6D-B5CE-990FBCC535A8}"
EndProject
Project("{8BC9CEB8-8B4A-11D0-8D11-00A0C91BC942}") = "day07", "day07\day07.vcxproj", "{61D3827F-231D-4BAC-9F34-1724FA2A5136}"
EndProject
Project("{8BC9CEB8-8B4A-11D0-8D11-00A0C91BC942}") = "day08", "day08\day08.vcxproj", "{6440B7DA-DB03-4C3E-8AE7-C93C7FEB37B1}"
EndProject
Project("{8BC9CEB8-8B4A-11D0-8D11-00A0C91BC942}") = "template", "template\template.vcxproj", "{6156A47F-7E7A-4152-A928-CD6CFE0DB26D}"
EndProject
Project("{8BC9CEB8-8B4A-11D0-8D11-00A0C91BC942}") = "day09", "day09\day09.vcxproj", "{99042624-C632-4ABF-A873-460EB186D9CA}"
EndProject
Project("{8BC9CEB8-8B4A-11D0-8D11-00A0C91BC942}") = "day10", "day10\day10.vcxproj", "{5BE2FC2C-5A04-484A-9928-B7A91ABB026E}"
EndProject
Project("{8BC9CEB8-8B4A-11D0-8D11-00A0C91BC942}") = "day11", "day11\day11.vcxproj", "{8D73820B-20AB-43A7-B7EA-78AAAB92C7E3}"
EndProject
Project("{8BC9CEB8-8B4A-11D0-8D11-00A0C91BC942}") = "day12", "day12\day12.vcxproj", "{9A856144-6878-48BB-B2F0-3BAFA1AEFD5B}"
EndProject
Project("{8BC9CEB8-8B4A-11D0-8D11-00A0C91BC942}") = "AoC", "AoC\AoC.vcxproj", "{51750796-B411-4EBB-8C85-8E90E7C471A8}"
EndProject
Project("{8BC9CEB8-8B4A-11D0-8D11-00A0C91BC942}") = "AoC_old", "AoC_old\AoC_old.vcxproj", "{D313BC2B-4992-4C10-824E-5913005D5659}"
EndProject
Project("{8BC9CEB8-8B4A-11D0-8D11-00A0C91BC942}") = "day13", "day13\day13.vcxproj", "{3779C78A-7750-4DE4-A2C0-4C57CDEA0218}"
EndProject
Global
	GlobalSection(SolutionConfigurationPlatforms) = preSolution
		Debug|x64 = Debug|x64
		Debug|x86 = Debug|x86
		Release|x64 = Release|x64
		Release|x86 = Release|x86
	EndGlobalSection
	GlobalSection(ProjectConfigurationPlatforms) = postSolution
		{998664B2-80F9-4A28-AE48-D83F47A7A788}.Debug|x64.ActiveCfg = Debug|x64
		{998664B2-80F9-4A28-AE48-D83F47A7A788}.Debug|x64.Build.0 = Debug|x64
		{998664B2-80F9-4A28-AE48-D83F47A7A788}.Debug|x86.ActiveCfg = Debug|Win32
		{998664B2-80F9-4A28-AE48-D83F47A7A788}.Debug|x86.Build.0 = Debug|Win32
		{998664B2-80F9-4A28-AE48-D83F47A7A788}.Release|x64.ActiveCfg = Release|x64
		{998664B2-80F9-4A28-AE48-D83F47A7A788}.Release|x64.Build.0 = Release|x64
		{998664B2-80F9-4A28-AE48-D83F47A7A788}.Release|x86.ActiveCfg = Release|Win32
		{998664B2-80F9-4A28-AE48-D83F47A7A788}.Release|x86.Build.0 = Release|Win32
		{6A11B06E-BF9F-4749-BAAE-7C796D485DEF}.Debug|x64.ActiveCfg = Debug|x64
		{6A11B06E-BF9F-4749-BAAE-7C796D485DEF}.Debug|x64.Build.0 = Debug|x64
		{6A11B06E-BF9F-4749-BAAE-7C796D485DEF}.Debug|x86.ActiveCfg = Debug|Win32
		{6A11B06E-BF9F-4749-BAAE-7C796D485DEF}.Debug|x86.Build.0 = Debug|Win32
		{6A11B06E-BF9F-4749-BAAE-7C796D485DEF}.Release|x64.ActiveCfg = Release|x64
		{6A11B06E-BF9F-4749-BAAE-7C796D485DEF}.Release|x64.Build.0 = Release|x64
		{6A11B06E-BF9F-4749-BAAE-7C796D485DEF}.Release|x86.ActiveCfg = Release|Win32
		{6A11B06E-BF9F-4749-BAAE-7C796D485DEF}.Release|x86.Build.0 = Release|Win32
		{D6C59FF6-F0E0-4554-A56A-1BCAED33181D}.Debug|x64.ActiveCfg = Debug|x64
		{D6C59FF6-F0E0-4554-A56A-1BCAED33181D}.Debug|x64.Build.0 = Debug|x64
		{D6C59FF6-F0E0-4554-A56A-1BCAED33181D}.Debug|x86.ActiveCfg = Debug|Win32
		{D6C59FF6-F0E0-4554-A56A-1BCAED33181D}.Debug|x86.Build.0 = Debug|Win32
		{D6C59FF6-F0E0-4554-A56A-1BCAED33181D}.Release|x64.ActiveCfg = Release|x64
		{D6C59FF6-F0E0-4554-A56A-1BCAED33181D}.Release|x64.Build.0 = Release|x64
		{D6C59FF6-F0E0-4554-A56A-1BCAED33181D}.Release|x86.ActiveCfg = Release|Win32
		{D6C59FF6-F0E0-4554-A56A-1BCAED33181D}.Release|x86.Build.0 = Release|Win32
		{174E9ABA-1774-46E1-B148-316BB8A1B00F}.Debug|x64.ActiveCfg = Debug|x64
		{174E9ABA-1774-46E1-B148-316BB8A1B00F}.Debug|x64.Build.0 = Debug|x64
		{174E9ABA-1774-46E1-B148-316BB8A1B00F}.Debug|x86.ActiveCfg = Debug|Win32
		{174E9ABA-1774-46E1-B148-316BB8A1B00F}.Debug|x86.Build.0 = Debug|Win32
		{174E9ABA-1774-46E1-B148-316BB8A1B00F}.Release|x64.ActiveCfg = Release|x64
		{174E9ABA-1774-46E1-B148-316BB8A1B00F}.Release|x64.Build.0 = Release|x64
		{174E9ABA-1774-46E1-B148-316BB8A1B00F}.Release|x86.ActiveCfg = Release|Win32
		{174E9ABA-1774-46E1-B148-316BB8A1B00F}.Release|x86.Build.0 = Release|Win32
		{38AFA2F6-A587-4DF8-9357-C3FD1C01A636}.Debug|x64.ActiveCfg = Debug|x64
		{38AFA2F6-A587-4DF8-9357-C3FD1C01A636}.Debug|x64.Build.0 = Debug|x64
		{38AFA2F6-A587-4DF8-9357-C3FD1C01A636}.Debug|x86.ActiveCfg = Debug|Win32
		{38AFA2F6-A587-4DF8-9357-C3FD1C01A636}.Debug|x86.Build.0 = Debug|Win32
		{38AFA2F6-A587-4DF8-9357-C3FD1C01A636}.Release|x64.ActiveCfg = Release|x64
		{38AFA2F6-A587-4DF8-9357-C3FD1C01A636}.Release|x64.Build.0 = Release|x64
		{38AFA2F6-A587-4DF8-9357-C3FD1C01A636}.Release|x86.ActiveCfg = Release|Win32
		{38AFA2F6-A587-4DF8-9357-C3FD1C01A636}.Release|x86.Build.0 = Release|Win32
		{222A0808-EB35-469E-A22B-A605A4AA897A}.Debug|x64.ActiveCfg = Debug|x64
		{222A0808-EB35-469E-A22B-A605A4AA897A}.Debug|x64.Build.0 = Debug|x64
		{222A0808-EB35-469E-A22B-A605A4AA897A}.Debug|x86.ActiveCfg = Debug|Win32
		{222A0808-EB35-469E-A22B-A605A4AA897A}.Debug|x86.Build.0 = Debug|Win32
		{222A0808-EB35-469E-A22B-A605A4AA897A}.Release|x64.ActiveCfg = Release|x64
		{222A0808-EB35-469E-A22B-A605A4AA897A}.Release|x64.Build.0 = Release|x64
		{222A0808-EB35-469E-A22B-A605A4AA897A}.Release|x86.ActiveCfg = Release|Win32
		{222A0808-EB35-469E-A22B-A605A4AA897A}.Release|x86.Build.0 = Release|Win32
		{FDD84B31-9764-4E0A-A820-0188C73365F1}.Debug|x64.ActiveCfg = Debug|x64
		{FDD84B31-9764-4E0A-A820-0188C73365F1}.Debug|x64.Build.0 = Debug|x64
		{FDD84B31-9764-4E0A-A820-0188C73365F1}.Debug|x86.ActiveCfg = Debug|Win32
		{FDD84B31-9764-4E0A-A820-0188C73365F1}.Debug|x86.Build.0 = Debug|Win32
		{FDD84B31-9764-4E0A-A820-0188C73365F1}.Release|x64.ActiveCfg = Release|x64
		{FDD84B31-9764-4E0A-A820-0188C73365F1}.Release|x64.Build.0 = Release|x64
		{FDD84B31-9764-4E0A-A820-0188C73365F1}.Release|x86.ActiveCfg = Release|Win32
		{FDD84B31-9764-4E0A-A820-0188C73365F1}.Release|x86.Build.0 = Release|Win32
		{5E821FB8-2A13-4CE6-B1EB-F107BCD6184C}.Debug|x64.ActiveCfg = Debug|x64
		{5E821FB8-2A13-4CE6-B1EB-F107BCD6184C}.Debug|x64.Build.0 = Debug|x64
		{5E821FB8-2A13-4CE6-B1EB-F107BCD6184C}.Debug|x86.ActiveCfg = Debug|Win32
		{5E821FB8-2A13-4CE6-B1EB-F107BCD6184C}.Debug|x86.Build.0 = Debug|Win32
		{5E821FB8-2A13-4CE6-B1EB-F107BCD6184C}.Release|x64.ActiveCfg = Release|x64
		{5E821FB8-2A13-4CE6-B1EB-F107BCD6184C}.Release|x64.Build.0 = Release|x64
		{5E821FB8-2A13-4CE6-B1EB-F107BCD6184C}.Release|x86.ActiveCfg = Release|Win32
		{5E821FB8-2A13-4CE6-B1EB-F107BCD6184C}.Release|x86.Build.0 = Release|Win32
		{24D02B7D-C9D7-43EF-A54C-30E57AC35118}.Debug|x64.ActiveCfg = Debug|x64
		{24D02B7D-C9D7-43EF-A54C-30E57AC35118}.Debug|x64.Build.0 = Debug|x64
		{24D02B7D-C9D7-43EF-A54C-30E57AC35118}.Debug|x86.ActiveCfg = Debug|Win32
		{24D02B7D-C9D7-43EF-A54C-30E57AC35118}.Debug|x86.Build.0 = Debug|Win32
		{24D02B7D-C9D7-43EF-A54C-30E57AC35118}.Release|x64.ActiveCfg = Release|x64
		{24D02B7D-C9D7-43EF-A54C-30E57AC35118}.Release|x64.Build.0 = Release|x64
		{24D02B7D-C9D7-43EF-A54C-30E57AC35118}.Release|x86.ActiveCfg = Release|Win32
		{24D02B7D-C9D7-43EF-A54C-30E57AC35118}.Release|x86.Build.0 = Release|Win32
		{E4AEE04C-DB83-4E7D-888A-B425B4A36595}.Debug|x64.ActiveCfg = Debug|x64
		{E4AEE04C-DB83-4E7D-888A-B425B4A36595}.Debug|x64.Build.0 = Debug|x64
		{E4AEE04C-DB83-4E7D-888A-B425B4A36595}.Debug|x86.ActiveCfg = Debug|Win32
		{E4AEE04C-DB83-4E7D-888A-B425B4A36595}.Debug|x86.Build.0 = Debug|Win32
		{E4AEE04C-DB83-4E7D-888A-B425B4A36595}.Release|x64.ActiveCfg = Release|x64
		{E4AEE04C-DB83-4E7D-888A-B425B4A36595}.Release|x64.Build.0 = Release|x64
		{E4AEE04C-DB83-4E7D-888A-B425B4A36595}.Release|x86.ActiveCfg = Release|Win32
		{E4AEE04C-DB83-4E7D-888A-B425B4A36595}.Release|x86.Build.0 = Release|Win32
		{D0233091-15F0-4E6D-B5CE-990FBCC535A8}.Debug|x64.ActiveCfg = Debug|x64
		{D0233091-15F0-4E6D-B5CE-990FBCC535A8}.Debug|x64.Build.0 = Debug|x64
		{D0233091-15F0-4E6D-B5CE-990FBCC535A8}.Debug|x86.ActiveCfg = Debug|Win32
		{D0233091-15F0-4E6D-B5CE-990FBCC535A8}.Debug|x86.Build.0 = Debug|Win32
		{D0233091-15F0-4E6D-B5CE-990FBCC535A8}.Release|x64.ActiveCfg = Release|x64
		{D0233091-15F0-4E6D-B5CE-990FBCC535A8}.Release|x64.Build.0 = Release|x64
		{D0233091-15F0-4E6D-B5CE-990FBCC535A8}.Release|x86.ActiveCfg = Release|Win32
		{D0233091-15F0-4E6D-B5CE-990FBCC535A8}.Release|x86.Build.0 = Release|Win32
		{61D3827F-231D-4BAC-9F34-1724FA2A5136}.Debug|x64.ActiveCfg = Debug|x64
		{61D3827F-231D-4BAC-9F34-1724FA2A5136}.Debug|x64.Build.0 = Debug|x64
		{61D3827F-231D-4BAC-9F34-1724FA2A5136}.Debug|x86.ActiveCfg = Debug|Win32
		{61D3827F-231D-4BAC-9F34-1724FA2A5136}.Debug|x86.Build.0 = Debug|Win32
		{61D3827F-231D-4BAC-9F34-1724FA2A5136}.Release|x64.ActiveCfg = Release|x64
		{61D3827F-231D-4BAC-9F34-1724FA2A5136}.Release|x64.Build.0 = Release|x64
		{61D3827F-231D-4BAC-9F34-1724FA2A5136}.Release|x86.ActiveCfg = Release|Win32
		{61D3827F-231D-4BAC-9F34-1724FA2A5136}.Release|x86.Build.0 = Release|Win32
		{6440B7DA-DB03-4C3E-8AE7-C93C7FEB37B1}.Debug|x64.ActiveCfg = Debug|x64
		{6440B7DA-DB03-4C3E-8AE7-C93C7FEB37B1}.Debug|x64.Build.0 = Debug|x64
		{6440B7DA-DB03-4C3E-8AE7-C93C7FEB37B1}.Debug|x86.ActiveCfg = Debug|Win32
		{6440B7DA-DB03-4C3E-8AE7-C93C7FEB37B1}.Debug|x86.Build.0 = Debug|Win32
		{6440B7DA-DB03-4C3E-8AE7-C93C7FEB37B1}.Release|x64.ActiveCfg = Release|x64
		{6440B7DA-DB03-4C3E-8AE7-C93C7FEB37B1}.Release|x64.Build.0 = Release|x64
		{6440B7DA-DB03-4C3E-8AE7-C93C7FEB37B1}.Release|x86.ActiveCfg = Release|Win32
		{6440B7DA-DB03-4C3E-8AE7-C93C7FEB37B1}.Release|x86.Build.0 = Release|Win32
		{6156A47F-7E7A-4152-A928-CD6CFE0DB26D}.Debug|x64.ActiveCfg = Debug|x64
		{6156A47F-7E7A-4152-A928-CD6CFE0DB26D}.Debug|x64.Build.0 = Debug|x64
		{6156A47F-7E7A-4152-A928-CD6CFE0DB26D}.Debug|x86.ActiveCfg = Debug|Win32
		{6156A47F-7E7A-4152-A928-CD6CFE0DB26D}.Debug|x86.Build.0 = Debug|Win32
		{6156A47F-7E7A-4152-A928-CD6CFE0DB26D}.Release|x64.ActiveCfg = Release|x64
		{6156A47F-7E7A-4152-A928-CD6CFE0DB26D}.Release|x64.Build.0 = Release|x64
		{6156A47F-7E7A-4152-A928-CD6CFE0DB26D}.Release|x86.ActiveCfg = Release|Win32
		{6156A47F-7E7A-4152-A928-CD6CFE0DB26D}.Release|x86.Build.0 = Release|Win32
		{99042624-C632-4ABF-A873-460EB186D9CA}.Debug|x64.ActiveCfg = Debug|x64
		{99042624-C632-4ABF-A873-460EB186D9CA}.Debug|x64.Build.0 = Debug|x64
		{99042624-C632-4ABF-A873-460EB186D9CA}.Debug|x86.ActiveCfg = Debug|Win32
		{99042624-C632-4ABF-A873-460EB186D9CA}.Debug|x86.Build.0 = Debug|Win32
		{99042624-C632-4ABF-A873-460EB186D9CA}.Release|x64.ActiveCfg = Release|x64
		{99042624-C632-4ABF-A873-460EB186D9CA}.Release|x64.Build.0 = Release|x64
		{99042624-C632-4ABF-A873-460EB186D9CA}.Release|x86.ActiveCfg = Release|Win32
		{99042624-C632-4ABF-A873-460EB186D9CA}.Release|x86.Build.0 = Release|Win32
		{5BE2FC2C-5A04-484A-9928-B7A91ABB026E}.Debug|x64.ActiveCfg = Debug|x64
		{5BE2FC2C-5A04-484A-9928-B7A91ABB026E}.Debug|x64.Build.0 = Debug|x64
		{5BE2FC2C-5A04-484A-9928-B7A91ABB026E}.Debug|x86.ActiveCfg = Debug|Win32
		{5BE2FC2C-5A04-484A-9928-B7A91ABB026E}.Debug|x86.Build.0 = Debug|Win32
		{5BE2FC2C-5A04-484A-9928-B7A91ABB026E}.Release|x64.ActiveCfg = Release|x64
		{5BE2FC2C-5A04-484A-9928-B7A91ABB026E}.Release|x64.Build.0 = Release|x64
		{5BE2FC2C-5A04-484A-9928-B7A91ABB026E}.Release|x86.ActiveCfg = Release|Win32
		{5BE2FC2C-5A04-484A-9928-B7A91ABB026E}.Release|x86.Build.0 = Release|Win32
		{8D73820B-20AB-43A7-B7EA-78AAAB92C7E3}.Debug|x64.ActiveCfg = Debug|x64
		{8D73820B-20AB-43A7-B7EA-78AAAB92C7E3}.Debug|x64.Build.0 = Debug|x64
		{8D73820B-20AB-43A7-B7EA-78AAAB92C7E3}.Debug|x86.ActiveCfg = Debug|Win32
		{8D73820B-20AB-43A7-B7EA-78AAAB92C7E3}.Debug|x86.Build.0 = Debug|Win32
		{8D73820B-20AB-43A7-B7EA-78AAAB92C7E3}.Release|x64.ActiveCfg = Release|x64
		{8D73820B-20AB-43A7-B7EA-78AAAB92C7E3}.Release|x64.Build.0 = Release|x64
		{8D73820B-20AB-43A7-B7EA-78AAAB92C7E3}.Release|x86.ActiveCfg = Release|Win32
		{8D73820B-20AB-43A7-B7EA-78AAAB92C7E3}.Release|x86.Build.0 = Release|Win32
		{9A856144-6878-48BB-B2F0-3BAFA1AEFD5B}.Debug|x64.ActiveCfg = Debug|x64
		{9A856144-6878-48BB-B2F0-3BAFA1AEFD5B}.Debug|x64.Build.0 = Debug|x64
		{9A856144-6878-48BB-B2F0-3BAFA1AEFD5B}.Debug|x86.ActiveCfg = Debug|Win32
		{9A856144-6878-48BB-B2F0-3BAFA1AEFD5B}.Debug|x86.Build.0 = Debug|Win32
		{9A856144-6878-48BB-B2F0-3BAFA1AEFD5B}.Release|x64.ActiveCfg = Release|x64
		{9A856144-6878-48BB-B2F0-3BAFA1AEFD5B}.Release|x64.Build.0 = Release|x64
		{9A856144-6878-48BB-B2F0-3BAFA1AEFD5B}.Release|x86.ActiveCfg = Release|Win32
		{9A856144-6878-48BB-B2F0-3BAFA1AEFD5B}.Release|x86.Build.0 = Release|Win32
		{51750796-B411-4EBB-8C85-8E90E7C471A8}.Debug|x64.ActiveCfg = Debug|x64
		{51750796-B411-4EBB-8C85-8E90E7C471A8}.Debug|x64.Build.0 = Debug|x64
		{51750796-B411-4EBB-8C85-8E90E7C471A8}.Debug|x86.ActiveCfg = Debug|Win32
		{51750796-B411-4EBB-8C85-8E90E7C471A8}.Debug|x86.Build.0 = Debug|Win32
		{51750796-B411-4EBB-8C85-8E90E7C471A8}.Release|x64.ActiveCfg = Release|x64
		{51750796-B411-4EBB-8C85-8E90E7C471A8}.Release|x64.Build.0 = Release|x64
		{51750796-B411-4EBB-8C85-8E90E7C471A8}.Release|x86.ActiveCfg = Release|Win32
		{51750796-B411-4EBB-8C85-8E90E7C471A8}.Release|x86.Build.0 = Release|Win32
		{D313BC2B-4992-4C10-824E-5913005D5659}.Debug|x64.ActiveCfg = Debug|x64
		{D313BC2B-4992-4C10-824E-5913005D5659}.Debug|x64.Build.0 = Debug|x64
		{D313BC2B-4992-4C10-824E-5913005D5659}.Debug|x86.ActiveCfg = Debug|Win32
		{D313BC2B-4992-4C10-824E-5913005D5659}.Debug|x86.Build.0 = Debug|Win32
		{D313BC2B-4992-4C10-824E-5913005D5659}.Release|x64.ActiveCfg = Release|x64
		{D313BC2B-4992-4C10-824E-5913005D5659}.Release|x64.Build.0 = Release|x64
		{D313BC2B-4992-4C10-824E-5913005D5659}.Release|x86.ActiveCfg = Release|Win32
		{D313BC2B-4992-4C10-824E-5913005D5659}.Release|x86.Build.0 = Release|Win32
		{3779C78A-7750-4DE4-A2C0-4C57CDEA0218}.Debug|x64.ActiveCfg = Debug|x64
		{3779C78A-7750-4DE4-A2C0-4C57CDEA0218}.Debug|x64.Build.0 = Debug|x64
		{3779C78A-7750-4DE4-A2C0-4C57CDEA0218}.Debug|x86.ActiveCfg = Debug|Win32
		{3779C78A-7750-4DE4-A2C0-4C57CDEA0218}.Debug|x86.Build.0 = Debug|Win32
		{3779C78A-7750-4DE4-A2C0-4C57CDEA0218}.Release|x64.ActiveCfg = Release|x64
		{3779C78A-7750-4DE4-A2C0-4C57CDEA0218}.Release|x64.Build.0 = Release|x64
		{3779C78A-7750-4DE4-A2C0-4C57CDEA0218}.Release|x86.ActiveCfg = Release|Win32
		{3779C78A-7750-4DE4-A2C0-4C57CDEA0218}.Release|x86.Build.0 = Release|Win32
	EndGlobalSection
	GlobalSection(SolutionProperties) = preSolution
		HideSolutionNode = FALSE
	EndGlobalSection
	GlobalSection(ExtensibilityGlobals) = postSolution
		SolutionGuid = {7D1226AF-E42E-4E22-9C1D-9A7B2895FD9C}
	EndGlobalSection
EndGlobal
